
Microsoft Visual Studio Solution File, Format Version 12.00
# Visual Studio Version 17
VisualStudioVersion = 17.1.32414.318
MinimumVisualStudioVersion = 10.0.40219.1
Project("{FAE04EC0-301F-11D3-BF4B-00C04F79EFBC}") = "pdf creator resume", "pdf creator resume\pdf creator resume.csproj", "{5B352803-D9C6-4E6F-965C-5B5934AE7439}"
EndProject
Global
	GlobalSection(SolutionConfigurationPlatforms) = preSolution
		Debug|Any CPU = Debug|Any CPU
		Release|Any CPU = Release|Any CPU
	EndGlobalSection
	GlobalSection(ProjectConfigurationPlatforms) = postSolution
		{5B352803-D9C6-4E6F-965C-5B5934AE7439}.Debug|Any CPU.ActiveCfg = Debug|Any CPU
		{5B352803-D9C6-4E6F-965C-5B5934AE7439}.Debug|Any CPU.Build.0 = Debug|Any CPU
		{5B352803-D9C6-4E6F-965C-5B5934AE7439}.Release|Any CPU.ActiveCfg = Release|Any CPU
		{5B352803-D9C6-4E6F-965C-5B5934AE7439}.Release|Any CPU.Build.0 = Release|Any CPU
	EndGlobalSection
	GlobalSection(SolutionProperties) = preSolution
		HideSolutionNode = FALSE
	EndGlobalSection
	GlobalSection(ExtensibilityGlobals) = postSolution
		SolutionGuid = {4F405A93-86C3-452B-87EB-63A8E07BCDD5}
	EndGlobalSection
EndGlobal
